
Microsoft Visual Studio Solution File, Format Version 12.00
# Visual Studio Version 17
VisualStudioVersion = 17.0.31903.59
MinimumVisualStudioVersion = 10.0.40219.1
Project("{2150E333-8FDC-42A3-9474-1A3956D46DE8}") = "001 Solution Items", "001 Solution Items", "{6EB56BCC-8573-4408-A140-5F76F1FC2CF7}"
	ProjectSection(SolutionItems) = preProject
		.editorconfig = .editorconfig
		.gitignore = .gitignore
		Directory.Build.props = Directory.Build.props
		Directory.Packages.props = Directory.Packages.props
		nuget.config = nuget.config
		README.md = README.md
	EndProjectSection
EndProject
Project("{2150E333-8FDC-42A3-9474-1A3956D46DE8}") = "002 src", "src", "{918BBC0B-14D4-4707-8F32-E67FAE68B9DB}"
EndProject
Project("{FAE04EC0-301F-11D3-BF4B-00C04F79EFBC}") = "CleanArchMinimalApi.Api", "src\CleanArchMinimalApi.Api\CleanArchMinimalApi.Api.csproj", "{3B2D38FA-05FC-4BAC-B08A-6F69AA66BC9B}"
EndProject
Project("{FAE04EC0-301F-11D3-BF4B-00C04F79EFBC}") = "CleanArchMinimalApi.Infrastructure", "src\CleanArchMinimalApi.Infrastructure\CleanArchMinimalApi.Infrastructure.csproj", "{91F8D7DD-15A5-4013-A2CA-C50DFEB95F4A}"
EndProject
Project("{FAE04EC0-301F-11D3-BF4B-00C04F79EFBC}") = "CleanArchMinimalApi.Domain", "src\CleanArchMinimalApi.Domain\CleanArchMinimalApi.Domain.csproj", "{0AD58A71-C46A-42AB-BAD5-048A661DB696}"
EndProject
Project("{FAE04EC0-301F-11D3-BF4B-00C04F79EFBC}") = "CleanArchMinimalApi.Application", "src\CleanArchMinimalApi.Application\CleanArchMinimalApi.Application.csproj", "{9F8B3CA2-207A-41DA-BF4C-733DFCA4B9D5}"
EndProject
Project("{2150E333-8FDC-42A3-9474-1A3956D46DE8}") = "003 tests", "tests", "{395D9CDA-13EC-4D43-AF82-E40A8BABE995}"
EndProject
Project("{FAE04EC0-301F-11D3-BF4B-00C04F79EFBC}") = "CleanArchMinimalApi.Domain.Tests.Unit", "tests\CleanArchMinimalApi.Domain.Tests.Unit\CleanArchMinimalApi.Domain.Tests.Unit.csproj", "{2F2ECFDE-5CAB-4B31-A112-707E7C740E02}"
EndProject
Project("{FAE04EC0-301F-11D3-BF4B-00C04F79EFBC}") = "CleanArchMinimalApi.Application.Tests.Unit", "tests\CleanArchMinimalApi.Application.Tests.Unit\CleanArchMinimalApi.Application.Tests.Unit.csproj", "{00EAF5F8-4741-43B8-84C3-AD952BC989B1}"
EndProject
Global
	GlobalSection(SolutionConfigurationPlatforms) = preSolution
		Debug|Any CPU = Debug|Any CPU
		Release|Any CPU = Release|Any CPU
	EndGlobalSection
	GlobalSection(ProjectConfigurationPlatforms) = postSolution
		{3B2D38FA-05FC-4BAC-B08A-6F69AA66BC9B}.Debug|Any CPU.ActiveCfg = Debug|Any CPU
		{3B2D38FA-05FC-4BAC-B08A-6F69AA66BC9B}.Debug|Any CPU.Build.0 = Debug|Any CPU
		{3B2D38FA-05FC-4BAC-B08A-6F69AA66BC9B}.Release|Any CPU.ActiveCfg = Release|Any CPU
		{3B2D38FA-05FC-4BAC-B08A-6F69AA66BC9B}.Release|Any CPU.Build.0 = Release|Any CPU
		{91F8D7DD-15A5-4013-A2CA-C50DFEB95F4A}.Debug|Any CPU.ActiveCfg = Debug|Any CPU
		{91F8D7DD-15A5-4013-A2CA-C50DFEB95F4A}.Debug|Any CPU.Build.0 = Debug|Any CPU
		{91F8D7DD-15A5-4013-A2CA-C50DFEB95F4A}.Release|Any CPU.ActiveCfg = Release|Any CPU
		{91F8D7DD-15A5-4013-A2CA-C50DFEB95F4A}.Release|Any CPU.Build.0 = Release|Any CPU
		{0AD58A71-C46A-42AB-BAD5-048A661DB696}.Debug|Any CPU.ActiveCfg = Debug|Any CPU
		{0AD58A71-C46A-42AB-BAD5-048A661DB696}.Debug|Any CPU.Build.0 = Debug|Any CPU
		{0AD58A71-C46A-42AB-BAD5-048A661DB696}.Release|Any CPU.ActiveCfg = Release|Any CPU
		{0AD58A71-C46A-42AB-BAD5-048A661DB696}.Release|Any CPU.Build.0 = Release|Any CPU
		{9F8B3CA2-207A-41DA-BF4C-733DFCA4B9D5}.Debug|Any CPU.ActiveCfg = Debug|Any CPU
		{9F8B3CA2-207A-41DA-BF4C-733DFCA4B9D5}.Debug|Any CPU.Build.0 = Debug|Any CPU
		{9F8B3CA2-207A-41DA-BF4C-733DFCA4B9D5}.Release|Any CPU.ActiveCfg = Release|Any CPU
		{9F8B3CA2-207A-41DA-BF4C-733DFCA4B9D5}.Release|Any CPU.Build.0 = Release|Any CPU
		{16FACFE2-A757-43EE-A1BA-A938ADA294A0}.Debug|Any CPU.ActiveCfg = Debug|Any CPU
		{16FACFE2-A757-43EE-A1BA-A938ADA294A0}.Debug|Any CPU.Build.0 = Debug|Any CPU
		{16FACFE2-A757-43EE-A1BA-A938ADA294A0}.Release|Any CPU.ActiveCfg = Release|Any CPU
		{16FACFE2-A757-43EE-A1BA-A938ADA294A0}.Release|Any CPU.Build.0 = Release|Any CPU
		{3CEE6DBF-B077-4968-AB88-0E270B79F306}.Debug|Any CPU.ActiveCfg = Debug|Any CPU
		{3CEE6DBF-B077-4968-AB88-0E270B79F306}.Debug|Any CPU.Build.0 = Debug|Any CPU
		{3CEE6DBF-B077-4968-AB88-0E270B79F306}.Release|Any CPU.ActiveCfg = Release|Any CPU
		{3CEE6DBF-B077-4968-AB88-0E270B79F306}.Release|Any CPU.Build.0 = Release|Any CPU
		{2F2ECFDE-5CAB-4B31-A112-707E7C740E02}.Debug|Any CPU.ActiveCfg = Debug|Any CPU
		{2F2ECFDE-5CAB-4B31-A112-707E7C740E02}.Debug|Any CPU.Build.0 = Debug|Any CPU
		{2F2ECFDE-5CAB-4B31-A112-707E7C740E02}.Release|Any CPU.ActiveCfg = Release|Any CPU
		{2F2ECFDE-5CAB-4B31-A112-707E7C740E02}.Release|Any CPU.Build.0 = Release|Any CPU
		{00EAF5F8-4741-43B8-84C3-AD952BC989B1}.Debug|Any CPU.ActiveCfg = Debug|Any CPU
		{00EAF5F8-4741-43B8-84C3-AD952BC989B1}.Debug|Any CPU.Build.0 = Debug|Any CPU
		{00EAF5F8-4741-43B8-84C3-AD952BC989B1}.Release|Any CPU.ActiveCfg = Release|Any CPU
		{00EAF5F8-4741-43B8-84C3-AD952BC989B1}.Release|Any CPU.Build.0 = Release|Any CPU
	EndGlobalSection
	GlobalSection(SolutionProperties) = preSolution
		HideSolutionNode = FALSE
	EndGlobalSection
	GlobalSection(ExtensibilityGlobals) = postSolution
		SolutionGuid = {E2B447ED-0E66-4846-8365-F9E7C93413A9}
	EndGlobalSection
	GlobalSection(NestedProjects) = preSolution
		{3B2D38FA-05FC-4BAC-B08A-6F69AA66BC9B} = {918BBC0B-14D4-4707-8F32-E67FAE68B9DB}
		{91F8D7DD-15A5-4013-A2CA-C50DFEB95F4A} = {918BBC0B-14D4-4707-8F32-E67FAE68B9DB}
		{0AD58A71-C46A-42AB-BAD5-048A661DB696} = {918BBC0B-14D4-4707-8F32-E67FAE68B9DB}
		{9F8B3CA2-207A-41DA-BF4C-733DFCA4B9D5} = {918BBC0B-14D4-4707-8F32-E67FAE68B9DB}
		{16FACFE2-A757-43EE-A1BA-A938ADA294A0} = {395D9CDA-13EC-4D43-AF82-E40A8BABE995}
		{3CEE6DBF-B077-4968-AB88-0E270B79F306} = {395D9CDA-13EC-4D43-AF82-E40A8BABE995}
		{2F2ECFDE-5CAB-4B31-A112-707E7C740E02} = {395D9CDA-13EC-4D43-AF82-E40A8BABE995}
		{00EAF5F8-4741-43B8-84C3-AD952BC989B1} = {395D9CDA-13EC-4D43-AF82-E40A8BABE995}
	EndGlobalSection
EndGlobal
